// !$*UTF8*$!
{
	archiveVersion = 1;
	classes = {
	};
	objectVersion = 46;
	objects = {

/* Begin PBXBuildFile section */
		7107EB4E19A5130F00314A42 /* AppDelegate.swift in Sources */ = {isa = PBXBuildFile; fileRef = 7107EB4D19A5130F00314A42 /* AppDelegate.swift */; };
		7107EB5019A5130F00314A42 /* ViewController.swift in Sources */ = {isa = PBXBuildFile; fileRef = 7107EB4F19A5130F00314A42 /* ViewController.swift */; };
		7107EB5319A5130F00314A42 /* Main.storyboard in Resources */ = {isa = PBXBuildFile; fileRef = 7107EB5119A5130F00314A42 /* Main.storyboard */; };
		7107EB5519A5130F00314A42 /* Images.xcassets in Resources */ = {isa = PBXBuildFile; fileRef = 7107EB5419A5130F00314A42 /* Images.xcassets */; };
		7107EB6119A5130F00314A42 /* Mailbox_PrototypeTests.swift in Sources */ = {isa = PBXBuildFile; fileRef = 7107EB6019A5130F00314A42 /* Mailbox_PrototypeTests.swift */; };
		7107EB6C19A5135600314A42 /* MailboxViewController.swift in Sources */ = {isa = PBXBuildFile; fileRef = 7107EB6B19A5135600314A42 /* MailboxViewController.swift */; };
/* End PBXBuildFile section */

/* Begin PBXContainerItemProxy section */
		7107EB5B19A5130F00314A42 /* PBXContainerItemProxy */ = {
			isa = PBXContainerItemProxy;
			containerPortal = 7107EB4019A5130F00314A42 /* Project object */;
			proxyType = 1;
			remoteGlobalIDString = 7107EB4719A5130F00314A42;
			remoteInfo = "Mailbox-Prototype";
		};
/* End PBXContainerItemProxy section */

/* Begin PBXFileReference section */
		7107EB4819A5130F00314A42 /* Mailbox-Prototype.app */ = {isa = PBXFileReference; explicitFileType = wrapper.application; includeInIndex = 0; path = "Mailbox-Prototype.app"; sourceTree = BUILT_PRODUCTS_DIR; };
		7107EB4C19A5130F00314A42 /* Info.plist */ = {isa = PBXFileReference; lastKnownFileType = text.plist.xml; path = Info.plist; sourceTree = "<group>"; };
		7107EB4D19A5130F00314A42 /* AppDelegate.swift */ = {isa = PBXFileReference; lastKnownFileType = sourcecode.swift; path = AppDelegate.swift; sourceTree = "<group>"; };
		7107EB4F19A5130F00314A42 /* ViewController.swift */ = {isa = PBXFileReference; lastKnownFileType = sourcecode.swift; path = ViewController.swift; sourceTree = "<group>"; };
		7107EB5219A5130F00314A42 /* Base */ = {isa = PBXFileReference; lastKnownFileType = file.storyboard; name = Base; path = Base.lproj/Main.storyboard; sourceTree = "<group>"; };
		7107EB5419A5130F00314A42 /* Images.xcassets */ = {isa = PBXFileReference; lastKnownFileType = folder.assetcatalog; path = Images.xcassets; sourceTree = "<group>"; };
		7107EB5A19A5130F00314A42 /* Mailbox-PrototypeTests.xctest */ = {isa = PBXFileReference; explicitFileType = wrapper.cfbundle; includeInIndex = 0; path = "Mailbox-PrototypeTests.xctest"; sourceTree = BUILT_PRODUCTS_DIR; };
		7107EB5F19A5130F00314A42 /* Info.plist */ = {isa = PBXFileReference; lastKnownFileType = text.plist.xml; path = Info.plist; sourceTree = "<group>"; };
		7107EB6019A5130F00314A42 /* Mailbox_PrototypeTests.swift */ = {isa = PBXFileReference; lastKnownFileType = sourcecode.swift; path = Mailbox_PrototypeTests.swift; sourceTree = "<group>"; };
		7107EB6B19A5135600314A42 /* MailboxViewController.swift */ = {isa = PBXFileReference; fileEncoding = 4; lastKnownFileType = sourcecode.swift; path = MailboxViewController.swift; sourceTree = "<group>"; };
/* End PBXFileReference section */

/* Begin PBXFrameworksBuildPhase section */
		7107EB4519A5130F00314A42 /* Frameworks */ = {
			isa = PBXFrameworksBuildPhase;
			buildActionMask = 2147483647;
			files = (
			);
			runOnlyForDeploymentPostprocessing = 0;
		};
		7107EB5719A5130F00314A42 /* Frameworks */ = {
			isa = PBXFrameworksBuildPhase;
			buildActionMask = 2147483647;
			files = (
			);
			runOnlyForDeploymentPostprocessing = 0;
		};
/* End PBXFrameworksBuildPhase section */

/* Begin PBXGroup section */
		7107EB3F19A5130F00314A42 = {
			isa = PBXGroup;
			children = (
				7107EB4A19A5130F00314A42 /* Mailbox-Prototype */,
				7107EB5D19A5130F00314A42 /* Mailbox-PrototypeTests */,
				7107EB4919A5130F00314A42 /* Products */,
			);
			sourceTree = "<group>";
		};
		7107EB4919A5130F00314A42 /* Products */ = {
			isa = PBXGroup;
			children = (
				7107EB4819A5130F00314A42 /* Mailbox-Prototype.app */,
				7107EB5A19A5130F00314A42 /* Mailbox-PrototypeTests.xctest */,
			);
			name = Products;
			sourceTree = "<group>";
		};
		7107EB4A19A5130F00314A42 /* Mailbox-Prototype */ = {
			isa = PBXGroup;
			children = (
				7107EB6A19A5133200314A42 /* View Controllers */,
				7107EB4D19A5130F00314A42 /* AppDelegate.swift */,
				7107EB4F19A5130F00314A42 /* ViewController.swift */,
				7107EB5119A5130F00314A42 /* Main.storyboard */,
				7107EB5419A5130F00314A42 /* Images.xcassets */,
				7107EB4B19A5130F00314A42 /* Supporting Files */,
			);
			path = "Mailbox-Prototype";
			sourceTree = "<group>";
		};
		7107EB4B19A5130F00314A42 /* Supporting Files */ = {
			isa = PBXGroup;
			children = (
				7107EB4C19A5130F00314A42 /* Info.plist */,
			);
			name = "Supporting Files";
			sourceTree = "<group>";
		};
		7107EB5D19A5130F00314A42 /* Mailbox-PrototypeTests */ = {
			isa = PBXGroup;
			children = (
				7107EB6019A5130F00314A42 /* Mailbox_PrototypeTests.swift */,
				7107EB5E19A5130F00314A42 /* Supporting Files */,
			);
			path = "Mailbox-PrototypeTests";
			sourceTree = "<group>";
		};
		7107EB5E19A5130F00314A42 /* Supporting Files */ = {
			isa = PBXGroup;
			children = (
				7107EB5F19A5130F00314A42 /* Info.plist */,
			);
			name = "Supporting Files";
			sourceTree = "<group>";
		};
		7107EB6A19A5133200314A42 /* View Controllers */ = {
			isa = PBXGroup;
			children = (
				7107EB6B19A5135600314A42 /* MailboxViewController.swift */,
			);
			name = "View Controllers";
			sourceTree = "<group>";
		};
/* End PBXGroup section */

/* Begin PBXNativeTarget section */
		7107EB4719A5130F00314A42 /* Mailbox-Prototype */ = {
			isa = PBXNativeTarget;
			buildConfigurationList = 7107EB6419A5130F00314A42 /* Build configuration list for PBXNativeTarget "Mailbox-Prototype" */;
			buildPhases = (
				7107EB4419A5130F00314A42 /* Sources */,
				7107EB4519A5130F00314A42 /* Frameworks */,
				7107EB4619A5130F00314A42 /* Resources */,
			);
			buildRules = (
			);
			dependencies = (
			);
			name = "Mailbox-Prototype";
			productName = "Mailbox-Prototype";
			productReference = 7107EB4819A5130F00314A42 /* Mailbox-Prototype.app */;
			productType = "com.apple.product-type.application";
		};
		7107EB5919A5130F00314A42 /* Mailbox-PrototypeTests */ = {
			isa = PBXNativeTarget;
			buildConfigurationList = 7107EB6719A5130F00314A42 /* Build configuration list for PBXNativeTarget "Mailbox-PrototypeTests" */;
			buildPhases = (
				7107EB5619A5130F00314A42 /* Sources */,
				7107EB5719A5130F00314A42 /* Frameworks */,
				7107EB5819A5130F00314A42 /* Resources */,
			);
			buildRules = (
			);
			dependencies = (
				7107EB5C19A5130F00314A42 /* PBXTargetDependency */,
			);
			name = "Mailbox-PrototypeTests";
			productName = "Mailbox-PrototypeTests";
			productReference = 7107EB5A19A5130F00314A42 /* Mailbox-PrototypeTests.xctest */;
			productType = "com.apple.product-type.bundle.unit-test";
		};
/* End PBXNativeTarget section */

/* Begin PBXProject section */
		7107EB4019A5130F00314A42 /* Project object */ = {
			isa = PBXProject;
			attributes = {
				LastUpgradeCheck = 0600;
				ORGANIZATIONNAME = "Daniel Eden";
				TargetAttributes = {
					7107EB4719A5130F00314A42 = {
						CreatedOnToolsVersion = 6.0;
					};
					7107EB5919A5130F00314A42 = {
						CreatedOnToolsVersion = 6.0;
						TestTargetID = 7107EB4719A5130F00314A42;
					};
				};
			};
			buildConfigurationList = 7107EB4319A5130F00314A42 /* Build configuration list for PBXProject "Mailbox-Prototype" */;
			compatibilityVersion = "Xcode 3.2";
			developmentRegion = English;
			hasScannedForEncodings = 0;
			knownRegions = (
				en,
				Base,
			);
			mainGroup = 7107EB3F19A5130F00314A42;
			productRefGroup = 7107EB4919A5130F00314A42 /* Products */;
			projectDirPath = "";
			projectRoot = "";
			targets = (
				7107EB4719A5130F00314A42 /* Mailbox-Prototype */,
				7107EB5919A5130F00314A42 /* Mailbox-PrototypeTests */,
			);
		};
/* End PBXProject section */

/* Begin PBXResourcesBuildPhase section */
		7107EB4619A5130F00314A42 /* Resources */ = {
			isa = PBXResourcesBuildPhase;
			buildActionMask = 2147483647;
			files = (
				7107EB5319A5130F00314A42 /* Main.storyboard in Resources */,
				7107EB5519A5130F00314A42 /* Images.xcassets in Resources */,
			);
			runOnlyForDeploymentPostprocessing = 0;
		};
		7107EB5819A5130F00314A42 /* Resources */ = {
			isa = PBXResourcesBuildPhase;
			buildActionMask = 2147483647;
			files = (
			);
			runOnlyForDeploymentPostprocessing = 0;
		};
/* End PBXResourcesBuildPhase section */

/* Begin PBXSourcesBuildPhase section */
		7107EB4419A5130F00314A42 /* Sources */ = {
			isa = PBXSourcesBuildPhase;
			buildActionMask = 2147483647;
			files = (
				7107EB5019A5130F00314A42 /* ViewController.swift in Sources */,
				7107EB4E19A5130F00314A42 /* AppDelegate.swift in Sources */,
				7107EB6C19A5135600314A42 /* MailboxViewController.swift in Sources */,
			);
			runOnlyForDeploymentPostprocessing = 0;
		};
		7107EB5619A5130F00314A42 /* Sources */ = {
			isa = PBXSourcesBuildPhase;
			buildActionMask = 2147483647;
			files = (
				7107EB6119A5130F00314A42 /* Mailbox_PrototypeTests.swift in Sources */,
			);
			runOnlyForDeploymentPostprocessing = 0;
		};
/* End PBXSourcesBuildPhase section */

/* Begin PBXTargetDependency section */
		7107EB5C19A5130F00314A42 /* PBXTargetDependency */ = {
			isa = PBXTargetDependency;
			target = 7107EB4719A5130F00314A42 /* Mailbox-Prototype */;
			targetProxy = 7107EB5B19A5130F00314A42 /* PBXContainerItemProxy */;
		};
/* End PBXTargetDependency section */

/* Begin PBXVariantGroup section */
		7107EB5119A5130F00314A42 /* Main.storyboard */ = {
			isa = PBXVariantGroup;
			children = (
				7107EB5219A5130F00314A42 /* Base */,
			);
			name = Main.storyboard;
			sourceTree = "<group>";
		};
/* End PBXVariantGroup section */

/* Begin XCBuildConfiguration section */
		7107EB6219A5130F00314A42 /* Debug */ = {
			isa = XCBuildConfiguration;
			buildSettings = {
				ALWAYS_SEARCH_USER_PATHS = NO;
				CLANG_CXX_LANGUAGE_STANDARD = "gnu++0x";
				CLANG_CXX_LIBRARY = "libc++";
				CLANG_ENABLE_MODULES = YES;
				CLANG_ENABLE_OBJC_ARC = YES;
				CLANG_WARN_BOOL_CONVERSION = YES;
				CLANG_WARN_CONSTANT_CONVERSION = YES;
				CLANG_WARN_DIRECT_OBJC_ISA_USAGE = YES_ERROR;
				CLANG_WARN_EMPTY_BODY = YES;
				CLANG_WARN_ENUM_CONVERSION = YES;
				CLANG_WARN_INT_CONVERSION = YES;
				CLANG_WARN_OBJC_ROOT_CLASS = YES_ERROR;
				CLANG_WARN_UNREACHABLE_CODE = YES;
				CLANG_WARN__DUPLICATE_METHOD_MATCH = YES;
				"CODE_SIGN_IDENTITY[sdk=iphoneos*]" = "iPhone Developer";
				COPY_PHASE_STRIP = NO;
				ENABLE_STRICT_OBJC_MSGSEND = YES;
				GCC_C_LANGUAGE_STANDARD = gnu99;
				GCC_DYNAMIC_NO_PIC = NO;
				GCC_OPTIMIZATION_LEVEL = 0;
				GCC_PREPROCESSOR_DEFINITIONS = (
					"DEBUG=1",
					"$(inherited)",
				);
				GCC_SYMBOLS_PRIVATE_EXTERN = NO;
				GCC_WARN_64_TO_32_BIT_CONVERSION = YES;
				GCC_WARN_ABOUT_RETURN_TYPE = YES_ERROR;
				GCC_WARN_UNDECLARED_SELECTOR = YES;
				GCC_WARN_UNINITIALIZED_AUTOS = YES_AGGRESSIVE;
				GCC_WARN_UNUSED_FUNCTION = YES;
				GCC_WARN_UNUSED_VARIABLE = YES;
				IPHONEOS_DEPLOYMENT_TARGET = 8.0;
				MTL_ENABLE_DEBUG_INFO = YES;
				ONLY_ACTIVE_ARCH = YES;
				SDKROOT = iphoneos;
				SWIFT_OPTIMIZATION_LEVEL = "-Onone";
			};
			name = Debug;
		};
		7107EB6319A5130F00314A42 /* Release */ = {
			isa = XCBuildConfiguration;
			buildSettings = {
				ALWAYS_SEARCH_USER_PATHS = NO;
				CLANG_CXX_LANGUAGE_STANDARD = "gnu++0x";
				CLANG_CXX_LIBRARY = "libc++";
				CLANG_ENABLE_MODULES = YES;
				CLANG_ENABLE_OBJC_ARC = YES;
				CLANG_WARN_BOOL_CONVERSION = YES;
				CLANG_WARN_CONSTANT_CONVERSION = YES;
				CLANG_WARN_DIRECT_OBJC_ISA_USAGE = YES_ERROR;
				CLANG_WARN_EMPTY_BODY = YES;
				CLANG_WARN_ENUM_CONVERSION = YES;
				CLANG_WARN_INT_CONVERSION = YES;
				CLANG_WARN_OBJC_ROOT_CLASS = YES_ERROR;
				CLANG_WARN_UNREACHABLE_CODE = YES;
				CLANG_WARN__DUPLICATE_METHOD_MATCH = YES;
				"CODE_SIGN_IDENTITY[sdk=iphoneos*]" = "iPhone Developer";
				COPY_PHASE_STRIP = YES;
				ENABLE_NS_ASSERTIONS = NO;
				ENABLE_STRICT_OBJC_MSGSEND = YES;
				GCC_C_LANGUAGE_STANDARD = gnu99;
				GCC_WARN_64_TO_32_BIT_CONVERSION = YES;
				GCC_WARN_ABOUT_RETURN_TYPE = YES_ERROR;
				GCC_WARN_UNDECLARED_SELECTOR = YES;
				GCC_WARN_UNINITIALIZED_AUTOS = YES_AGGRESSIVE;
				GCC_WARN_UNUSED_FUNCTION = YES;
				GCC_WARN_UNUSED_VARIABLE = YES;
				IPHONEOS_DEPLOYMENT_TARGET = 8.0;
				MTL_ENABLE_DEBUG_INFO = NO;
				SDKROOT = iphoneos;
				VALIDATE_PRODUCT = YES;
			};
			name = Release;
		};
		7107EB6519A5130F00314A42 /* Debug */ = {
			isa = XCBuildConfiguration;
			buildSettings = {
				ASSETCATALOG_COMPILER_APPICON_NAME = AppIcon;
				ASSETCATALOG_COMPILER_LAUNCHIMAGE_NAME = LaunchImage;
				INFOPLIST_FILE = "Mailbox-Prototype/Info.plist";
				IPHONEOS_DEPLOYMENT_TARGET = 7.1;
				LD_RUNPATH_SEARCH_PATHS = "$(inherited) @executable_path/Frameworks";
				PRODUCT_NAME = "$(TARGET_NAME)";
			};
			name = Debug;
		};
		7107EB6619A5130F00314A42 /* Release */ = {
			isa = XCBuildConfiguration;
			buildSettings = {
				ASSETCATALOG_COMPILER_APPICON_NAME = AppIcon;
				ASSETCATALOG_COMPILER_LAUNCHIMAGE_NAME = LaunchImage;
				INFOPLIST_FILE = "Mailbox-Prototype/Info.plist";
				IPHONEOS_DEPLOYMENT_TARGET = 7.1;
				LD_RUNPATH_SEARCH_PATHS = "$(inherited) @executable_path/Frameworks";
				PRODUCT_NAME = "$(TARGET_NAME)";
			};
			name = Release;
		};
		7107EB6819A5130F00314A42 /* Debug */ = {
			isa = XCBuildConfiguration;
			buildSettings = {
				BUNDLE_LOADER = "$(TEST_HOST)";
				FRAMEWORK_SEARCH_PATHS = (
					"$(SDKROOT)/Developer/Library/Frameworks",
					"$(inherited)",
				);
				GCC_PREPROCESSOR_DEFINITIONS = (
					"DEBUG=1",
					"$(inherited)",
				);
				INFOPLIST_FILE = "Mailbox-PrototypeTests/Info.plist";
				LD_RUNPATH_SEARCH_PATHS = "$(inherited) @executable_path/Frameworks @loader_path/Frameworks";
				PRODUCT_NAME = "$(TARGET_NAME)";
				TEST_HOST = "$(BUILT_PRODUCTS_DIR)/Mailbox-Prototype.app/Mailbox-Prototype";
			};
			name = Debug;
		};
		7107EB6919A5130F00314A42 /* Release */ = {
			isa = XCBuildConfiguration;
			buildSettings = {
				BUNDLE_LOADER = "$(TEST_HOST)";
				FRAMEWORK_SEARCH_PATHS = (
					"$(SDKROOT)/Developer/Library/Frameworks",
					"$(inherited)",
				);
				INFOPLIST_FILE = "Mailbox-PrototypeTests/Info.plist";
				LD_RUNPATH_SEARCH_PATHS = "$(inherited) @executable_path/Frameworks @loader_path/Frameworks";
				PRODUCT_NAME = "$(TARGET_NAME)";
				TEST_HOST = "$(BUILT_PRODUCTS_DIR)/Mailbox-Prototype.app/Mailbox-Prototype";
			};
			name = Release;
		};
/* End XCBuildConfiguration section */

/* Begin XCConfigurationList section */
		7107EB4319A5130F00314A42 /* Build configuration list for PBXProject "Mailbox-Prototype" */ = {
			isa = XCConfigurationList;
			buildConfigurations = (
				7107EB6219A5130F00314A42 /* Debug */,
				7107EB6319A5130F00314A42 /* Release */,
			);
			defaultConfigurationIsVisible = 0;
			defaultConfigurationName = Release;
		};
		7107EB6419A5130F00314A42 /* Build configuration list for PBXNativeTarget "Mailbox-Prototype" */ = {
			isa = XCConfigurationList;
			buildConfigurations = (
				7107EB6519A5130F00314A42 /* Debug */,
				7107EB6619A5130F00314A42 /* Release */,
			);
			defaultConfigurationIsVisible = 0;
		};
		7107EB6719A5130F00314A42 /* Build configuration list for PBXNativeTarget "Mailbox-PrototypeTests" */ = {
			isa = XCConfigurationList;
			buildConfigurations = (
				7107EB6819A5130F00314A42 /* Debug */,
				7107EB6919A5130F00314A42 /* Release */,
			);
			defaultConfigurationIsVisible = 0;
		};
/* End XCConfigurationList section */
	};
	rootObject = 7107EB4019A5130F00314A42 /* Project object */;
}
